
Microsoft Visual Studio Solution File, Format Version 12.00
# Visual Studio 2012
Project("{8BC9CEB8-8B4A-11D0-8D11-00A0C91BC942}") = "DBBasicTest1", "DBBasicTest1\DBBasicTest1.vcxproj", "{BBF83899-8641-4C49-A05C-F1F881A5D275}"
EndProject
Global
	GlobalSection(SolutionConfigurationPlatforms) = preSolution
		Debug|Win32 = Debug|Win32
		Release|Win32 = Release|Win32
	EndGlobalSection
	GlobalSection(ProjectConfigurationPlatforms) = postSolution
		{BBF83899-8641-4C49-A05C-F1F881A5D275}.Debug|Win32.ActiveCfg = Debug|Win32
		{BBF83899-8641-4C49-A05C-F1F881A5D275}.Debug|Win32.Build.0 = Debug|Win32
		{BBF83899-8641-4C49-A05C-F1F881A5D275}.Release|Win32.ActiveCfg = Release|Win32
		{BBF83899-8641-4C49-A05C-F1F881A5D275}.Release|Win32.Build.0 = Release|Win32
	EndGlobalSection
	GlobalSection(SolutionProperties) = preSolution
		HideSolutionNode = FALSE
	EndGlobalSection
EndGlobal
